{
  "name": "@open-wallet-standard/core",
  "version": "0.4.2",
  "lockfileVersion": 3,
  "requires": true,
  "packages": {
    "": {
      "name": "@open-wallet-standard/core",
      "version": "0.4.2",
      "license": "MIT",
      "bin": {
        "ows": "bin/ows"
      },
      "devDependencies": {
        "@napi-rs/cli": "^2.18.0"
      },
      "optionalDependencies": {
        "@open-wallet-standard/core-darwin-arm64": "0.3.9",
        "@open-wallet-standard/core-darwin-x64": "0.3.9",
        "@open-wallet-standard/core-linux-arm64-gnu": "0.3.9",
        "@open-wallet-standard/core-linux-x64-gnu": "0.3.9"
      }
    },
    "node_modules/@napi-rs/cli": {
      "version": "2.18.4",
      "resolved": "https://registry.npmjs.org/@napi-rs/cli/-/cli-2.18.4.tgz",
      "integrity": "sha512-SgJeA4df9DE2iAEpr3M2H0OKl/yjtg1BnRI5/JyowS71tUWhrfSu2LT0V3vlHET+g1hBVlrO60PmEXwUEKp8Mg==",
      "dev": true,
      "license": "MIT",
      "bin": {
        "napi": "scripts/index.js"
      },
      "engines": {
        "node": ">= 10"
      },
      "funding": {
        "type": "github",
        "url": "https://github.com/sponsors/Brooooooklyn"
      }
    },
    "node_modules/@open-wallet-standard/core-darwin-arm64": {
      "version": "0.3.9",
      "resolved": "https://registry.npmjs.org/@open-wallet-standard/core-darwin-arm64/-/core-darwin-arm64-0.3.9.tgz",
      "integrity": "sha512-6imdPtFAmcBrMTmN5GwWTuMoB0RJsGreAdDHd/gsq5vAnIadaePD7H82pANLWStseqhUsCkXCV66nO3FsBj/CA==",
      "cpu": [
        "arm64"
      ],
      "license": "MIT",
      "optional": true,
      "os": [
        "darwin"
      ]
    },
    "node_modules/@open-wallet-standard/core-darwin-x64": {
      "version": "0.3.9",
      "resolved": "https://registry.npmjs.org/@open-wallet-standard/core-darwin-x64/-/core-darwin-x64-0.3.9.tgz",
      "integrity": "sha512-pO/f01GrMDmcpVNyr6MifIbwV80VoC8NasqEJ9utVXDP56g74i/s1yEt3evCbhInKndt8iW1jiYOalEkHzI8Aw==",
      "cpu": [
        "x64"
      ],
      "license": "MIT",
      "optional": true,
      "os": [
        "darwin"
      ]
    },
    "node_modules/@open-wallet-standard/core-linux-arm64-gnu": {
      "version": "0.3.9",
      "resolved": "https://registry.npmjs.org/@open-wallet-standard/core-linux-arm64-gnu/-/core-linux-arm64-gnu-0.3.9.tgz",
      "integrity": "sha512-TCezOw7dm20hUDtDq4a+iv73EFi1jDFriIXZFwJTxRyzssorhgpodKyVvmlAiZgzo6wn9pOtBuWsdEkYuFEkoA==",
      "cpu": [
        "arm64"
      ],
      "license": "MIT",
      "optional": true,
      "os": [
        "linux"
      ]
    },
    "node_modules/@open-wallet-standard/core-linux-x64-gnu": {
      "version": "0.3.9",
      "resolved": "https://registry.npmjs.org/@open-wallet-standard/core-linux-x64-gnu/-/core-linux-x64-gnu-0.3.9.tgz",
      "integrity": "sha512-9p2C0KOJI23ag9wnJGirrDCZxGYCmNQ0A9fuWPinL31+BQ41baTLYQ915F2AsoiZyleU6KSe50JIe139CP5niQ==",
      "cpu": [
        "x64"
      ],
      "license": "MIT",
      "optional": true,
      "os": [
        "linux"
      ]
    }
  }
}
