{
  "name": "@open-wallet-standard/core",
  "version": "0.3.3",
  "lockfileVersion": 3,
  "requires": true,
  "packages": {
    "": {
      "name": "@open-wallet-standard/core",
      "version": "0.3.3",
      "license": "MIT",
      "bin": {
        "ows": "bin/ows"
      },
      "devDependencies": {
        "@napi-rs/cli": "^2.18.0"
      },
      "optionalDependencies": {
        "@open-wallet-standard/core-darwin-arm64": "0.3.3",
        "@open-wallet-standard/core-darwin-x64": "0.3.3",
        "@open-wallet-standard/core-linux-arm64-gnu": "0.3.3",
        "@open-wallet-standard/core-linux-x64-gnu": "0.3.3"
      }
    },
    "node_modules/@napi-rs/cli": {
      "version": "2.18.4",
      "resolved": "https://registry.npmjs.org/@napi-rs/cli/-/cli-2.18.4.tgz",
      "integrity": "sha512-SgJeA4df9DE2iAEpr3M2H0OKl/yjtg1BnRI5/JyowS71tUWhrfSu2LT0V3vlHET+g1hBVlrO60PmEXwUEKp8Mg==",
      "dev": true,
      "license": "MIT",
      "bin": {
        "napi": "scripts/index.js"
      },
      "engines": {
        "node": ">= 10"
      },
      "funding": {
        "type": "github",
        "url": "https://github.com/sponsors/Brooooooklyn"
      }
    },
    "node_modules/@open-wallet-standard/core-darwin-arm64": {
      "version": "0.3.3",
      "resolved": "https://registry.npmjs.org/@open-wallet-standard/core-darwin-arm64/-/core-darwin-arm64-0.3.3.tgz",
      "integrity": "sha512-xbYrTo04WKOHylQ7NNHXGAbbYk3XQy+kxSPBkZJutWClaNHlK1FecRral2QBXY3/tBkFjIpcywFsxDBnMIK8Rg==",
      "cpu": [
        "arm64"
      ],
      "license": "MIT",
      "optional": true,
      "os": [
        "darwin"
      ]
    },
    "node_modules/@open-wallet-standard/core-darwin-x64": {
      "version": "0.3.3",
      "resolved": "https://registry.npmjs.org/@open-wallet-standard/core-darwin-x64/-/core-darwin-x64-0.3.3.tgz",
      "integrity": "sha512-a9egqwFrSngFMB6Q1caqk00aUogBOrDK9cqKr+ZBDdfOMuHQtblofHtNdVH/8Z0gzdjbAmKF55qhYWCuFeOBBw==",
      "cpu": [
        "x64"
      ],
      "license": "MIT",
      "optional": true,
      "os": [
        "darwin"
      ]
    },
    "node_modules/@open-wallet-standard/core-linux-arm64-gnu": {
      "version": "0.3.3",
      "resolved": "https://registry.npmjs.org/@open-wallet-standard/core-linux-arm64-gnu/-/core-linux-arm64-gnu-0.3.3.tgz",
      "integrity": "sha512-RxvkMaBIkMhufWyuPAgjkzM/FFEPOubQUZG3/ru0bs11uE5LX7Ul4g0FfpdOVGu411pd3LbxClqZmLYTV1h7BQ==",
      "cpu": [
        "arm64"
      ],
      "license": "MIT",
      "optional": true,
      "os": [
        "linux"
      ]
    },
    "node_modules/@open-wallet-standard/core-linux-x64-gnu": {
      "version": "0.3.3",
      "resolved": "https://registry.npmjs.org/@open-wallet-standard/core-linux-x64-gnu/-/core-linux-x64-gnu-0.3.3.tgz",
      "integrity": "sha512-heBp0EP0ZzRnMf9HwczoV4sKYMsV8sKQvyZA06Vh/bcudw9kxig5GhUXunKkwF+QQOQxr9nllie6rlrgcxAstA==",
      "cpu": [
        "x64"
      ],
      "license": "MIT",
      "optional": true,
      "os": [
        "linux"
      ]
    }
  }
}
